
Microsoft Visual Studio Solution File, Format Version 12.00
# Visual Studio Version 17
VisualStudioVersion = 17.0.32014.148
MinimumVisualStudioVersion = 10.0.40219.1
Project("{2150E333-8FDC-42A3-9474-1A3956D46DE8}") = "src", "src", "{B76F527C-B640-4CB5-941E-9EBC150D2464}"
EndProject
Project("{9A19103F-16F7-4668-BE54-9A1E7A4F7556}") = "MarsRover.Application", "src\MarsRover.Application\MarsRover.Application.csproj", "{3AD40AF0-DEA4-413B-AEF7-5190B9DB2A6F}"
EndProject
Project("{9A19103F-16F7-4668-BE54-9A1E7A4F7556}") = "MarsRover.Bussiness", "src\MarsRover.Bussiness\MarsRover.Bussiness.csproj", "{ABE4F4B9-EC7B-49CE-B385-AAF49688D4A2}"
EndProject
Project("{9A19103F-16F7-4668-BE54-9A1E7A4F7556}") = "MarsRover.Common", "src\MarsRover.Common\MarsRover.Common.csproj", "{FBF40240-61BE-46C7-94F8-AD22820F7FAA}"
EndProject
Project("{9A19103F-16F7-4668-BE54-9A1E7A4F7556}") = "MarsRover.Model", "src\MarsRover.Model\MarsRover.Model.csproj", "{72DEDB37-E761-4A96-AD0F-824A9F9C71DC}"
EndProject
Global
	GlobalSection(SolutionConfigurationPlatforms) = preSolution
		Debug|Any CPU = Debug|Any CPU
		Release|Any CPU = Release|Any CPU
	EndGlobalSection
	GlobalSection(ProjectConfigurationPlatforms) = postSolution
		{3AD40AF0-DEA4-413B-AEF7-5190B9DB2A6F}.Debug|Any CPU.ActiveCfg = Debug|Any CPU
		{3AD40AF0-DEA4-413B-AEF7-5190B9DB2A6F}.Debug|Any CPU.Build.0 = Debug|Any CPU
		{3AD40AF0-DEA4-413B-AEF7-5190B9DB2A6F}.Release|Any CPU.ActiveCfg = Release|Any CPU
		{3AD40AF0-DEA4-413B-AEF7-5190B9DB2A6F}.Release|Any CPU.Build.0 = Release|Any CPU
		{ABE4F4B9-EC7B-49CE-B385-AAF49688D4A2}.Debug|Any CPU.ActiveCfg = Debug|Any CPU
		{ABE4F4B9-EC7B-49CE-B385-AAF49688D4A2}.Debug|Any CPU.Build.0 = Debug|Any CPU
		{ABE4F4B9-EC7B-49CE-B385-AAF49688D4A2}.Release|Any CPU.ActiveCfg = Release|Any CPU
		{ABE4F4B9-EC7B-49CE-B385-AAF49688D4A2}.Release|Any CPU.Build.0 = Release|Any CPU
		{FBF40240-61BE-46C7-94F8-AD22820F7FAA}.Debug|Any CPU.ActiveCfg = Debug|Any CPU
		{FBF40240-61BE-46C7-94F8-AD22820F7FAA}.Debug|Any CPU.Build.0 = Debug|Any CPU
		{FBF40240-61BE-46C7-94F8-AD22820F7FAA}.Release|Any CPU.ActiveCfg = Release|Any CPU
		{FBF40240-61BE-46C7-94F8-AD22820F7FAA}.Release|Any CPU.Build.0 = Release|Any CPU
		{72DEDB37-E761-4A96-AD0F-824A9F9C71DC}.Debug|Any CPU.ActiveCfg = Debug|Any CPU
		{72DEDB37-E761-4A96-AD0F-824A9F9C71DC}.Debug|Any CPU.Build.0 = Debug|Any CPU
		{72DEDB37-E761-4A96-AD0F-824A9F9C71DC}.Release|Any CPU.ActiveCfg = Release|Any CPU
		{72DEDB37-E761-4A96-AD0F-824A9F9C71DC}.Release|Any CPU.Build.0 = Release|Any CPU
	EndGlobalSection
	GlobalSection(SolutionProperties) = preSolution
		HideSolutionNode = FALSE
	EndGlobalSection
	GlobalSection(NestedProjects) = preSolution
		{3AD40AF0-DEA4-413B-AEF7-5190B9DB2A6F} = {B76F527C-B640-4CB5-941E-9EBC150D2464}
		{ABE4F4B9-EC7B-49CE-B385-AAF49688D4A2} = {B76F527C-B640-4CB5-941E-9EBC150D2464}
		{FBF40240-61BE-46C7-94F8-AD22820F7FAA} = {B76F527C-B640-4CB5-941E-9EBC150D2464}
		{72DEDB37-E761-4A96-AD0F-824A9F9C71DC} = {B76F527C-B640-4CB5-941E-9EBC150D2464}
	EndGlobalSection
	GlobalSection(ExtensibilityGlobals) = postSolution
		SolutionGuid = {2B7B8804-BB25-4449-BDDA-990E9D8497FD}
	EndGlobalSection
EndGlobal
